
Microsoft Visual Studio Solution File, Format Version 12.00
# Visual Studio Version 17
VisualStudioVersion = 17.2.32526.322
MinimumVisualStudioVersion = 10.0.40219.1
Project("{9A19103F-16F7-4668-BE54-9A1E7A4F7556}") = "Financeiro.Aula.Api", "Financeiro.Aula\Financeiro.Aula.Api\Financeiro.Aula.Api.csproj", "{F603C8EF-7D41-4105-91C4-96E87E4EA9F0}"
EndProject
Project("{9A19103F-16F7-4668-BE54-9A1E7A4F7556}") = "Financeiro.Aula.Domain", "Financeiro.Aula\Financeiro.Aula.Domain\Financeiro.Aula.Domain.csproj", "{736099B9-72EA-40A3-9D7E-8A248820A69E}"
EndProject
Project("{9A19103F-16F7-4668-BE54-9A1E7A4F7556}") = "Financeiro.Aula.Infra", "Financeiro.Aula\Financeiro.Aula.Infra\Financeiro.Aula.Infra.csproj", "{6ADFD15E-A5CC-49BF-A730-895F854C8716}"
	ProjectSection(ProjectDependencies) = postProject
		{736099B9-72EA-40A3-9D7E-8A248820A69E} = {736099B9-72EA-40A3-9D7E-8A248820A69E}
	EndProjectSection
EndProject
Project("{9A19103F-16F7-4668-BE54-9A1E7A4F7556}") = "Financeiro.Aula.Tests", "Financeiro.Aula\Financeiro.Aula.Tests\Financeiro.Aula.Tests.csproj", "{F915A0B5-1988-4A7A-B1F3-B0CEA18DBD90}"
EndProject
Project("{2150E333-8FDC-42A3-9474-1A3956D46DE8}") = "01 - API financeiro", "01 - API financeiro", "{FF3ECAB3-D6A2-44E2-8055-051B6BDD4C80}"
EndProject
Project("{2150E333-8FDC-42A3-9474-1A3956D46DE8}") = "02 - API boletos", "02 - API boletos", "{E7A4FF50-2740-40CD-81C3-B67BAFF2BAF7}"
EndProject
Project("{9A19103F-16F7-4668-BE54-9A1E7A4F7556}") = "Financeiro.Boleto.Domain", "Financeiro.Boleto\Financeiro.Boleto.Domain\Financeiro.Boleto.Domain.csproj", "{795C4325-F991-4781-980C-63A4B4DA17ED}"
EndProject
Project("{9A19103F-16F7-4668-BE54-9A1E7A4F7556}") = "Financeiro.Boleto.Infra", "Financeiro.Boleto\Financeiro.Boleto.Infra\Financeiro.Boleto.Infra.csproj", "{0AAE5FCF-9430-497C-B4E7-F1809F9D93BE}"
EndProject
Project("{9A19103F-16F7-4668-BE54-9A1E7A4F7556}") = "Financeiro.Boleto.Api", "Financeiro.Boleto\Financeiro.Boleto.Api\Financeiro.Boleto.Api.csproj", "{FEB8B817-C2F6-4F3F-A170-692F118E7645}"
EndProject
Project("{9A19103F-16F7-4668-BE54-9A1E7A4F7556}") = "Financeiro.Auth", "Financeiro.Auth\Financeiro.Auth.csproj", "{9B27D2BF-7736-418E-80B3-AF438D7B484F}"
EndProject
Project("{2150E333-8FDC-42A3-9474-1A3956D46DE8}") = "00 - API auth", "00 - API auth", "{125879D0-C4C4-40B5-BFBB-8FCD99937E8C}"
EndProject
Project("{2150E333-8FDC-42A3-9474-1A3956D46DE8}") = "03 - Commom", "03 - Commom", "{75A7E477-53F2-4553-9E17-DEC98F99B3FA}"
EndProject
Project("{9A19103F-16F7-4668-BE54-9A1E7A4F7556}") = "Financeiro.Commom", "Financeiro.Commom\Financeiro.Commom.csproj", "{3B03F45D-A584-4424-8261-24E4C1CA63EE}"
EndProject
Global
	GlobalSection(SolutionConfigurationPlatforms) = preSolution
		Debug|Any CPU = Debug|Any CPU
		Release|Any CPU = Release|Any CPU
	EndGlobalSection
	GlobalSection(ProjectConfigurationPlatforms) = postSolution
		{F603C8EF-7D41-4105-91C4-96E87E4EA9F0}.Debug|Any CPU.ActiveCfg = Debug|Any CPU
		{F603C8EF-7D41-4105-91C4-96E87E4EA9F0}.Debug|Any CPU.Build.0 = Debug|Any CPU
		{F603C8EF-7D41-4105-91C4-96E87E4EA9F0}.Release|Any CPU.ActiveCfg = Release|Any CPU
		{F603C8EF-7D41-4105-91C4-96E87E4EA9F0}.Release|Any CPU.Build.0 = Release|Any CPU
		{736099B9-72EA-40A3-9D7E-8A248820A69E}.Debug|Any CPU.ActiveCfg = Debug|Any CPU
		{736099B9-72EA-40A3-9D7E-8A248820A69E}.Debug|Any CPU.Build.0 = Debug|Any CPU
		{736099B9-72EA-40A3-9D7E-8A248820A69E}.Release|Any CPU.ActiveCfg = Release|Any CPU
		{736099B9-72EA-40A3-9D7E-8A248820A69E}.Release|Any CPU.Build.0 = Release|Any CPU
		{6ADFD15E-A5CC-49BF-A730-895F854C8716}.Debug|Any CPU.ActiveCfg = Debug|Any CPU
		{6ADFD15E-A5CC-49BF-A730-895F854C8716}.Debug|Any CPU.Build.0 = Debug|Any CPU
		{6ADFD15E-A5CC-49BF-A730-895F854C8716}.Release|Any CPU.ActiveCfg = Release|Any CPU
		{6ADFD15E-A5CC-49BF-A730-895F854C8716}.Release|Any CPU.Build.0 = Release|Any CPU
		{F915A0B5-1988-4A7A-B1F3-B0CEA18DBD90}.Debug|Any CPU.ActiveCfg = Debug|Any CPU
		{F915A0B5-1988-4A7A-B1F3-B0CEA18DBD90}.Debug|Any CPU.Build.0 = Debug|Any CPU
		{F915A0B5-1988-4A7A-B1F3-B0CEA18DBD90}.Release|Any CPU.ActiveCfg = Release|Any CPU
		{F915A0B5-1988-4A7A-B1F3-B0CEA18DBD90}.Release|Any CPU.Build.0 = Release|Any CPU
		{795C4325-F991-4781-980C-63A4B4DA17ED}.Debug|Any CPU.ActiveCfg = Debug|Any CPU
		{795C4325-F991-4781-980C-63A4B4DA17ED}.Debug|Any CPU.Build.0 = Debug|Any CPU
		{795C4325-F991-4781-980C-63A4B4DA17ED}.Release|Any CPU.ActiveCfg = Release|Any CPU
		{795C4325-F991-4781-980C-63A4B4DA17ED}.Release|Any CPU.Build.0 = Release|Any CPU
		{0AAE5FCF-9430-497C-B4E7-F1809F9D93BE}.Debug|Any CPU.ActiveCfg = Debug|Any CPU
		{0AAE5FCF-9430-497C-B4E7-F1809F9D93BE}.Debug|Any CPU.Build.0 = Debug|Any CPU
		{0AAE5FCF-9430-497C-B4E7-F1809F9D93BE}.Release|Any CPU.ActiveCfg = Release|Any CPU
		{0AAE5FCF-9430-497C-B4E7-F1809F9D93BE}.Release|Any CPU.Build.0 = Release|Any CPU
		{FEB8B817-C2F6-4F3F-A170-692F118E7645}.Debug|Any CPU.ActiveCfg = Debug|Any CPU
		{FEB8B817-C2F6-4F3F-A170-692F118E7645}.Debug|Any CPU.Build.0 = Debug|Any CPU
		{FEB8B817-C2F6-4F3F-A170-692F118E7645}.Release|Any CPU.ActiveCfg = Release|Any CPU
		{FEB8B817-C2F6-4F3F-A170-692F118E7645}.Release|Any CPU.Build.0 = Release|Any CPU
		{9B27D2BF-7736-418E-80B3-AF438D7B484F}.Debug|Any CPU.ActiveCfg = Debug|Any CPU
		{9B27D2BF-7736-418E-80B3-AF438D7B484F}.Debug|Any CPU.Build.0 = Debug|Any CPU
		{9B27D2BF-7736-418E-80B3-AF438D7B484F}.Release|Any CPU.ActiveCfg = Release|Any CPU
		{9B27D2BF-7736-418E-80B3-AF438D7B484F}.Release|Any CPU.Build.0 = Release|Any CPU
		{3B03F45D-A584-4424-8261-24E4C1CA63EE}.Debug|Any CPU.ActiveCfg = Debug|Any CPU
		{3B03F45D-A584-4424-8261-24E4C1CA63EE}.Debug|Any CPU.Build.0 = Debug|Any CPU
		{3B03F45D-A584-4424-8261-24E4C1CA63EE}.Release|Any CPU.ActiveCfg = Release|Any CPU
		{3B03F45D-A584-4424-8261-24E4C1CA63EE}.Release|Any CPU.Build.0 = Release|Any CPU
	EndGlobalSection
	GlobalSection(SolutionProperties) = preSolution
		HideSolutionNode = FALSE
	EndGlobalSection
	GlobalSection(NestedProjects) = preSolution
		{F603C8EF-7D41-4105-91C4-96E87E4EA9F0} = {FF3ECAB3-D6A2-44E2-8055-051B6BDD4C80}
		{736099B9-72EA-40A3-9D7E-8A248820A69E} = {FF3ECAB3-D6A2-44E2-8055-051B6BDD4C80}
		{6ADFD15E-A5CC-49BF-A730-895F854C8716} = {FF3ECAB3-D6A2-44E2-8055-051B6BDD4C80}
		{F915A0B5-1988-4A7A-B1F3-B0CEA18DBD90} = {FF3ECAB3-D6A2-44E2-8055-051B6BDD4C80}
		{795C4325-F991-4781-980C-63A4B4DA17ED} = {E7A4FF50-2740-40CD-81C3-B67BAFF2BAF7}
		{0AAE5FCF-9430-497C-B4E7-F1809F9D93BE} = {E7A4FF50-2740-40CD-81C3-B67BAFF2BAF7}
		{FEB8B817-C2F6-4F3F-A170-692F118E7645} = {E7A4FF50-2740-40CD-81C3-B67BAFF2BAF7}
		{9B27D2BF-7736-418E-80B3-AF438D7B484F} = {125879D0-C4C4-40B5-BFBB-8FCD99937E8C}
		{3B03F45D-A584-4424-8261-24E4C1CA63EE} = {75A7E477-53F2-4553-9E17-DEC98F99B3FA}
	EndGlobalSection
	GlobalSection(ExtensibilityGlobals) = postSolution
		SolutionGuid = {912AB400-8A57-452C-8F94-5CE377462C13}
	EndGlobalSection
EndGlobal
